
Microsoft Visual Studio Solution File, Format Version 12.00
# Visual Studio Version 17
VisualStudioVersion = 17.2.32616.157
MinimumVisualStudioVersion = 10.0.40219.1
Project("{FAE04EC0-301F-11D3-BF4B-00C04F79EFBC}") = "BookingAPI", "BookingAPI.csproj", "{9490A9DA-33FB-4A71-869F-BC6417EE798E}"
EndProject
Global
	GlobalSection(SolutionConfigurationPlatforms) = preSolution
		Debug|Any CPU = Debug|Any CPU
		Release|Any CPU = Release|Any CPU
	EndGlobalSection
	GlobalSection(ProjectConfigurationPlatforms) = postSolution
		{9490A9DA-33FB-4A71-869F-BC6417EE798E}.Debug|Any CPU.ActiveCfg = Debug|Any CPU
		{9490A9DA-33FB-4A71-869F-BC6417EE798E}.Debug|Any CPU.Build.0 = Debug|Any CPU
		{9490A9DA-33FB-4A71-869F-BC6417EE798E}.Release|Any CPU.ActiveCfg = Release|Any CPU
		{9490A9DA-33FB-4A71-869F-BC6417EE798E}.Release|Any CPU.Build.0 = Release|Any CPU
	EndGlobalSection
	GlobalSection(SolutionProperties) = preSolution
		HideSolutionNode = FALSE
	EndGlobalSection
	GlobalSection(ExtensibilityGlobals) = postSolution
		SolutionGuid = {04B5C3B7-BF77-48A2-A16B-7925D31A43E6}
	EndGlobalSection
EndGlobal
