
Microsoft Visual Studio Solution File, Format Version 12.00
# Visual Studio Version 17
VisualStudioVersion = 17.2.32616.157
MinimumVisualStudioVersion = 10.0.40219.1
Project("{FAE04EC0-301F-11D3-BF4B-00C04F79EFBC}") = "SimpleBooking", "SimpleBooking.csproj", "{49FDBCBD-1B59-41AC-BFA1-BE29CDBDD0BE}"
EndProject
Global
	GlobalSection(SolutionConfigurationPlatforms) = preSolution
		Debug|Any CPU = Debug|Any CPU
		Release|Any CPU = Release|Any CPU
	EndGlobalSection
	GlobalSection(ProjectConfigurationPlatforms) = postSolution
		{49FDBCBD-1B59-41AC-BFA1-BE29CDBDD0BE}.Debug|Any CPU.ActiveCfg = Debug|Any CPU
		{49FDBCBD-1B59-41AC-BFA1-BE29CDBDD0BE}.Debug|Any CPU.Build.0 = Debug|Any CPU
		{49FDBCBD-1B59-41AC-BFA1-BE29CDBDD0BE}.Release|Any CPU.ActiveCfg = Release|Any CPU
		{49FDBCBD-1B59-41AC-BFA1-BE29CDBDD0BE}.Release|Any CPU.Build.0 = Release|Any CPU
	EndGlobalSection
	GlobalSection(SolutionProperties) = preSolution
		HideSolutionNode = FALSE
	EndGlobalSection
	GlobalSection(ExtensibilityGlobals) = postSolution
		SolutionGuid = {E13BB58D-8406-4B3C-8D37-6A93205126F7}
	EndGlobalSection
EndGlobal
